
Microsoft Visual Studio Solution File, Format Version 12.00
# Visual Studio 2013
VisualStudioVersion = 12.0.0.0
MinimumVisualStudioVersion = 10.0.0.1
Project("{9308BA17-6E64-4919-AA9E-536A4A39F1BE}") = "WeatherFF.Common", "WeatherFF.Common\WeatherFF.Common.csproj", "{C772BA3B-7147-4981-8E45-94E2A45AE5FE}"
EndProject
Project("{4B6F5F4A-9593-4B49-B67E-09490771B689}") = "WeatherFF.Loader", "WeatherFF.Loader\WeatherFF.Loader.csproj", "{0388EB88-9080-47C5-A1A1-D354043DF59D}"
EndProject
Project("{1B9ABBDB-71C2-4348-A452-ECBACA7C48FB}") = "WeatherFF.Web", "WeatherFF.Web\WeatherFF.Web.csproj", "{DEF77B02-B39E-4E82-AAE4-D5971E3A850E}"
EndProject
Project("{BDB6251D-A061-41C4-A205-FA378D4E1D9F}") = "WeatherFF.Tests", "WeatherFF.Tests\WeatherFF.Tests.csproj", "{8A5E2CB6-F4DB-47E8-9E9D-34A94FAC63BB}"
EndProject
Project("{2150E333-8FDC-42A3-9474-1A3956D46DE8}") = "examples", "examples", "{97309A39-A14B-4B94-8831-E98A7C660BE7}"
ProjectSection(SolutionItems) = preProject
	examples\openWeatherMap.json = examples\openWeatherMap.json
EndProjectSection
EndProject
Global
	GlobalSection(SolutionConfigurationPlatforms) = preSolution
		Debug|Any CPU = Debug|Any CPU
		Release|Any CPU = Release|Any CPU
	EndGlobalSection
	GlobalSection(ProjectConfigurationPlatforms) = postSolution
		{C772BA3B-7147-4981-8E45-94E2A45AE5FE}.Debug|Any CPU.ActiveCfg = Debug|Any CPU
		{C772BA3B-7147-4981-8E45-94E2A45AE5FE}.Debug|Any CPU.Build.0 = Debug|Any CPU
		{C772BA3B-7147-4981-8E45-94E2A45AE5FE}.Release|Any CPU.ActiveCfg = Release|Any CPU
		{C772BA3B-7147-4981-8E45-94E2A45AE5FE}.Release|Any CPU.Build.0 = Release|Any CPU
		{0388EB88-9080-47C5-A1A1-D354043DF59D}.Debug|Any CPU.ActiveCfg = Debug|Any CPU
		{0388EB88-9080-47C5-A1A1-D354043DF59D}.Debug|Any CPU.Build.0 = Debug|Any CPU
		{0388EB88-9080-47C5-A1A1-D354043DF59D}.Release|Any CPU.ActiveCfg = Release|Any CPU
		{0388EB88-9080-47C5-A1A1-D354043DF59D}.Release|Any CPU.Build.0 = Release|Any CPU
		{DEF77B02-B39E-4E82-AAE4-D5971E3A850E}.Debug|Any CPU.ActiveCfg = Debug|Any CPU
		{DEF77B02-B39E-4E82-AAE4-D5971E3A850E}.Debug|Any CPU.Build.0 = Debug|Any CPU
		{DEF77B02-B39E-4E82-AAE4-D5971E3A850E}.Release|Any CPU.ActiveCfg = Release|Any CPU
		{DEF77B02-B39E-4E82-AAE4-D5971E3A850E}.Release|Any CPU.Build.0 = Release|Any CPU
		{8A5E2CB6-F4DB-47E8-9E9D-34A94FAC63BB}.Debug|Any CPU.ActiveCfg = Debug|Any CPU
		{8A5E2CB6-F4DB-47E8-9E9D-34A94FAC63BB}.Debug|Any CPU.Build.0 = Debug|Any CPU
		{8A5E2CB6-F4DB-47E8-9E9D-34A94FAC63BB}.Release|Any CPU.ActiveCfg = Release|Any CPU
		{8A5E2CB6-F4DB-47E8-9E9D-34A94FAC63BB}.Release|Any CPU.Build.0 = Release|Any CPU
	EndGlobalSection
	GlobalSection(SolutionProperties) = preSolution
		HideSolutionNode = FALSE
	EndGlobalSection
EndGlobal
